
Microsoft Visual Studio Solution File, Format Version 12.00
# Visual Studio 15
VisualStudioVersion = 15.0.26430.16
MinimumVisualStudioVersion = 10.0.40219.1
Project("{FAE04EC0-301F-11D3-BF4B-00C04F79EFBC}") = "WebApi", "InventoryMgmt\WebApi.csproj", "{A2EDDDAC-3E84-4BB1-AFCD-BC8D72F6C218}"
EndProject
Project("{2150E333-8FDC-42A3-9474-1A3956D46DE8}") = "BackEnd", "BackEnd", "{65885954-00CC-4926-A6B9-47AA81AFD5D5}"
EndProject
Project("{2150E333-8FDC-42A3-9474-1A3956D46DE8}") = "FrontEnd", "FrontEnd", "{D54D34E9-8A40-4ECD-B24F-09A1D08769B9}"
EndProject
Project("{FAE04EC0-301F-11D3-BF4B-00C04F79EFBC}") = "DataAccess", "DataAccess1\DataAccess.csproj", "{2B9899D1-342A-4F90-952B-9F0008E1E741}"
EndProject
Global
	GlobalSection(SolutionConfigurationPlatforms) = preSolution
		Debug|Any CPU = Debug|Any CPU
		Release|Any CPU = Release|Any CPU
	EndGlobalSection
	GlobalSection(ProjectConfigurationPlatforms) = postSolution
		{A2EDDDAC-3E84-4BB1-AFCD-BC8D72F6C218}.Debug|Any CPU.ActiveCfg = Debug|Any CPU
		{A2EDDDAC-3E84-4BB1-AFCD-BC8D72F6C218}.Debug|Any CPU.Build.0 = Debug|Any CPU
		{A2EDDDAC-3E84-4BB1-AFCD-BC8D72F6C218}.Release|Any CPU.ActiveCfg = Release|Any CPU
		{A2EDDDAC-3E84-4BB1-AFCD-BC8D72F6C218}.Release|Any CPU.Build.0 = Release|Any CPU
		{2B9899D1-342A-4F90-952B-9F0008E1E741}.Debug|Any CPU.ActiveCfg = Debug|Any CPU
		{2B9899D1-342A-4F90-952B-9F0008E1E741}.Debug|Any CPU.Build.0 = Debug|Any CPU
		{2B9899D1-342A-4F90-952B-9F0008E1E741}.Release|Any CPU.ActiveCfg = Release|Any CPU
		{2B9899D1-342A-4F90-952B-9F0008E1E741}.Release|Any CPU.Build.0 = Release|Any CPU
	EndGlobalSection
	GlobalSection(SolutionProperties) = preSolution
		HideSolutionNode = FALSE
	EndGlobalSection
	GlobalSection(NestedProjects) = preSolution
		{A2EDDDAC-3E84-4BB1-AFCD-BC8D72F6C218} = {65885954-00CC-4926-A6B9-47AA81AFD5D5}
		{2B9899D1-342A-4F90-952B-9F0008E1E741} = {65885954-00CC-4926-A6B9-47AA81AFD5D5}
	EndGlobalSection
EndGlobal
