
Microsoft Visual Studio Solution File, Format Version 12.00
# Visual Studio 15
VisualStudioVersion = 15.0.26430.16
MinimumVisualStudioVersion = 10.0.40219.1
Project("{2150E333-8FDC-42A3-9474-1A3956D46DE8}") = "FrontEnd", "FrontEnd", "{B33E0EDB-2583-4D66-9ADE-62CA4DDC56D1}"
EndProject
Project("{2150E333-8FDC-42A3-9474-1A3956D46DE8}") = "WPF", "WPF", "{242149CC-8044-4B92-8768-8D3229A1CCA2}"
EndProject
Project("{FAE04EC0-301F-11D3-BF4B-00C04F79EFBC}") = "Styles", "FrontEnd\WPF\Styles\Styles.csproj", "{846D869C-F41E-4DAD-8296-99B84723F72A}"
EndProject
Project("{FAE04EC0-301F-11D3-BF4B-00C04F79EFBC}") = "Models", "FrontEnd\WPF\Models\Models.csproj", "{D1E5A857-232B-4715-9ECD-B7A4A85F3F7C}"
EndProject
Project("{2150E333-8FDC-42A3-9474-1A3956D46DE8}") = "Web", "Web", "{BC9A3F20-8970-4E86-9AE8-5A5E0B50A388}"
EndProject
Project("{2150E333-8FDC-42A3-9474-1A3956D46DE8}") = "BackEnd", "BackEnd", "{7C2A6857-3C51-4CD2-8D93-1203BD34F4D9}"
EndProject
Project("{FAE04EC0-301F-11D3-BF4B-00C04F79EFBC}") = "DataAccess", "BackEnd\DataAccess\DataAccess.csproj", "{F45491C8-131E-4B5B-8D1F-F369D0EAA2E7}"
EndProject
Project("{FAE04EC0-301F-11D3-BF4B-00C04F79EFBC}") = "WebAPI", "WebAPI\WebAPI.csproj", "{A909BC7F-E792-4B7B-8DD8-4CE284E196A8}"
EndProject
Project("{FAE04EC0-301F-11D3-BF4B-00C04F79EFBC}") = "WPF", "FrontEnd\WPF\WPF\WPF.csproj", "{E94C1E92-0996-4575-AB75-737AB2DED9AD}"
EndProject
Global
	GlobalSection(SolutionConfigurationPlatforms) = preSolution
		Debug|Any CPU = Debug|Any CPU
		Release|Any CPU = Release|Any CPU
	EndGlobalSection
	GlobalSection(ProjectConfigurationPlatforms) = postSolution
		{846D869C-F41E-4DAD-8296-99B84723F72A}.Debug|Any CPU.ActiveCfg = Debug|Any CPU
		{846D869C-F41E-4DAD-8296-99B84723F72A}.Debug|Any CPU.Build.0 = Debug|Any CPU
		{846D869C-F41E-4DAD-8296-99B84723F72A}.Release|Any CPU.ActiveCfg = Release|Any CPU
		{846D869C-F41E-4DAD-8296-99B84723F72A}.Release|Any CPU.Build.0 = Release|Any CPU
		{D1E5A857-232B-4715-9ECD-B7A4A85F3F7C}.Debug|Any CPU.ActiveCfg = Debug|Any CPU
		{D1E5A857-232B-4715-9ECD-B7A4A85F3F7C}.Debug|Any CPU.Build.0 = Debug|Any CPU
		{D1E5A857-232B-4715-9ECD-B7A4A85F3F7C}.Release|Any CPU.ActiveCfg = Release|Any CPU
		{D1E5A857-232B-4715-9ECD-B7A4A85F3F7C}.Release|Any CPU.Build.0 = Release|Any CPU
		{F45491C8-131E-4B5B-8D1F-F369D0EAA2E7}.Debug|Any CPU.ActiveCfg = Debug|Any CPU
		{F45491C8-131E-4B5B-8D1F-F369D0EAA2E7}.Debug|Any CPU.Build.0 = Debug|Any CPU
		{F45491C8-131E-4B5B-8D1F-F369D0EAA2E7}.Release|Any CPU.ActiveCfg = Release|Any CPU
		{F45491C8-131E-4B5B-8D1F-F369D0EAA2E7}.Release|Any CPU.Build.0 = Release|Any CPU
		{A909BC7F-E792-4B7B-8DD8-4CE284E196A8}.Debug|Any CPU.ActiveCfg = Debug|Any CPU
		{A909BC7F-E792-4B7B-8DD8-4CE284E196A8}.Debug|Any CPU.Build.0 = Debug|Any CPU
		{A909BC7F-E792-4B7B-8DD8-4CE284E196A8}.Release|Any CPU.ActiveCfg = Release|Any CPU
		{A909BC7F-E792-4B7B-8DD8-4CE284E196A8}.Release|Any CPU.Build.0 = Release|Any CPU
		{E94C1E92-0996-4575-AB75-737AB2DED9AD}.Debug|Any CPU.ActiveCfg = Debug|Any CPU
		{E94C1E92-0996-4575-AB75-737AB2DED9AD}.Debug|Any CPU.Build.0 = Debug|Any CPU
		{E94C1E92-0996-4575-AB75-737AB2DED9AD}.Release|Any CPU.ActiveCfg = Release|Any CPU
		{E94C1E92-0996-4575-AB75-737AB2DED9AD}.Release|Any CPU.Build.0 = Release|Any CPU
	EndGlobalSection
	GlobalSection(SolutionProperties) = preSolution
		HideSolutionNode = FALSE
	EndGlobalSection
	GlobalSection(NestedProjects) = preSolution
		{242149CC-8044-4B92-8768-8D3229A1CCA2} = {B33E0EDB-2583-4D66-9ADE-62CA4DDC56D1}
		{846D869C-F41E-4DAD-8296-99B84723F72A} = {242149CC-8044-4B92-8768-8D3229A1CCA2}
		{D1E5A857-232B-4715-9ECD-B7A4A85F3F7C} = {242149CC-8044-4B92-8768-8D3229A1CCA2}
		{BC9A3F20-8970-4E86-9AE8-5A5E0B50A388} = {B33E0EDB-2583-4D66-9ADE-62CA4DDC56D1}
		{F45491C8-131E-4B5B-8D1F-F369D0EAA2E7} = {7C2A6857-3C51-4CD2-8D93-1203BD34F4D9}
		{A909BC7F-E792-4B7B-8DD8-4CE284E196A8} = {7C2A6857-3C51-4CD2-8D93-1203BD34F4D9}
		{E94C1E92-0996-4575-AB75-737AB2DED9AD} = {242149CC-8044-4B92-8768-8D3229A1CCA2}
	EndGlobalSection
EndGlobal
