
Microsoft Visual Studio Solution File, Format Version 12.00
# Visual Studio 15
VisualStudioVersion = 15.0.26430.16
MinimumVisualStudioVersion = 10.0.40219.1
Project("{FAE04EC0-301F-11D3-BF4B-00C04F79EFBC}") = "WebAPI", "MyInventoryManagementSystem\WebAPI.csproj", "{34B2BA98-5C28-4743-A7B0-FEC8EA040423}"
EndProject
Project("{2150E333-8FDC-42A3-9474-1A3956D46DE8}") = "BackEnd", "BackEnd", "{37D991A2-3AA8-4EC9-AB63-A626EAD91820}"
EndProject
Project("{2150E333-8FDC-42A3-9474-1A3956D46DE8}") = "FrontEnd", "FrontEnd", "{ABC1E47A-D330-4358-B0A6-F223B2C1FC0F}"
EndProject
Project("{FAE04EC0-301F-11D3-BF4B-00C04F79EFBC}") = "DataAccess", "DataAccess\DataAccess.csproj", "{07A1D66C-14BC-4B56-8C71-3AD533318423}"
EndProject
Global
	GlobalSection(SolutionConfigurationPlatforms) = preSolution
		Debug|Any CPU = Debug|Any CPU
		Release|Any CPU = Release|Any CPU
	EndGlobalSection
	GlobalSection(ProjectConfigurationPlatforms) = postSolution
		{34B2BA98-5C28-4743-A7B0-FEC8EA040423}.Debug|Any CPU.ActiveCfg = Debug|Any CPU
		{34B2BA98-5C28-4743-A7B0-FEC8EA040423}.Debug|Any CPU.Build.0 = Debug|Any CPU
		{34B2BA98-5C28-4743-A7B0-FEC8EA040423}.Release|Any CPU.ActiveCfg = Release|Any CPU
		{34B2BA98-5C28-4743-A7B0-FEC8EA040423}.Release|Any CPU.Build.0 = Release|Any CPU
		{07A1D66C-14BC-4B56-8C71-3AD533318423}.Debug|Any CPU.ActiveCfg = Debug|Any CPU
		{07A1D66C-14BC-4B56-8C71-3AD533318423}.Debug|Any CPU.Build.0 = Debug|Any CPU
		{07A1D66C-14BC-4B56-8C71-3AD533318423}.Release|Any CPU.ActiveCfg = Release|Any CPU
		{07A1D66C-14BC-4B56-8C71-3AD533318423}.Release|Any CPU.Build.0 = Release|Any CPU
	EndGlobalSection
	GlobalSection(SolutionProperties) = preSolution
		HideSolutionNode = FALSE
	EndGlobalSection
	GlobalSection(NestedProjects) = preSolution
		{34B2BA98-5C28-4743-A7B0-FEC8EA040423} = {37D991A2-3AA8-4EC9-AB63-A626EAD91820}
		{07A1D66C-14BC-4B56-8C71-3AD533318423} = {37D991A2-3AA8-4EC9-AB63-A626EAD91820}
	EndGlobalSection
EndGlobal
